{
  "originHash" : "9404b2f2407bec1a2a8d918d2be5fc65b102dfc6f6613878e1ac9346541e7195",
  "pins" : [
    {
      "identity" : "daemonkit",
      "kind" : "remoteSourceControl",
      "location" : "https://github.com/yasyf/daemonkit.git",
      "state" : {
        "revision" : "338b8df595d345303bf4266fcf451d74e3552ba0",
        "version" : "0.15.0"
      }
    }
  ],
  "version" : 3
}
