{
  "originHash" : "86d648e31c5b573a796f648e374d455c75e345ce541d9600493e69167ef19852",
  "pins" : [
    {
      "identity" : "daemonkit",
      "kind" : "remoteSourceControl",
      "location" : "https://github.com/yasyf/daemonkit.git",
      "state" : {
        "revision" : "f090a23cf11fa99eb3de55cc656f8884a8c6acb6"
      }
    }
  ],
  "version" : 3
}
