{
  "originHash" : "8df63cc2e743f97feea9e4b1979ba72926a1ad2466c50b879e80ceed8ce9dc12",
  "pins" : [
    {
      "identity" : "daemonkit",
      "kind" : "remoteSourceControl",
      "location" : "https://github.com/yasyf/daemonkit.git",
      "state" : {
        "revision" : "bd349be402423d2161af3909909cb4c644c4449e",
        "version" : "0.17.4"
      }
    }
  ],
  "version" : 3
}
